
Microsoft Visual Studio Solution File, Format Version 12.00
# Visual Studio Version 16
VisualStudioVersion = 16.0.31624.102
MinimumVisualStudioVersion = 10.0.40219.1
Project("{8BC9CEB8-8B4A-11D0-8D11-00A0C91BC942}") = "Practice-6", "Practice-6\Practice-6.vcxproj", "{620F0777-94BF-4122-9A6D-7974BACFE79E}"
EndProject
Global
	GlobalSection(SolutionConfigurationPlatforms) = preSolution
		Debug|x64 = Debug|x64
		Debug|x86 = Debug|x86
		Release|x64 = Release|x64
		Release|x86 = Release|x86
	EndGlobalSection
	GlobalSection(ProjectConfigurationPlatforms) = postSolution
		{620F0777-94BF-4122-9A6D-7974BACFE79E}.Debug|x64.ActiveCfg = Debug|x64
		{620F0777-94BF-4122-9A6D-7974BACFE79E}.Debug|x64.Build.0 = Debug|x64
		{620F0777-94BF-4122-9A6D-7974BACFE79E}.Debug|x86.ActiveCfg = Debug|Win32
		{620F0777-94BF-4122-9A6D-7974BACFE79E}.Debug|x86.Build.0 = Debug|Win32
		{620F0777-94BF-4122-9A6D-7974BACFE79E}.Release|x64.ActiveCfg = Release|x64
		{620F0777-94BF-4122-9A6D-7974BACFE79E}.Release|x64.Build.0 = Release|x64
		{620F0777-94BF-4122-9A6D-7974BACFE79E}.Release|x86.ActiveCfg = Release|Win32
		{620F0777-94BF-4122-9A6D-7974BACFE79E}.Release|x86.Build.0 = Release|Win32
	EndGlobalSection
	GlobalSection(SolutionProperties) = preSolution
		HideSolutionNode = FALSE
	EndGlobalSection
	GlobalSection(ExtensibilityGlobals) = postSolution
		SolutionGuid = {BFF85E0D-E36F-4FD8-B0F6-D42F9827721C}
	EndGlobalSection
EndGlobal
